<?xml version="1.0" encoding="utf-8"?>
<Project ToolsVersion="4.0" xmlns="http://schemas.microsoft.com/developer/msbuild/2003">
  <ItemGroup>
    <ClCompile Include="..\src\main.cpp" />
    <ClCompile Include="..\src\post_processing.cpp">
      <Filter>Source\Core.Graphics</Filter>
    </ClCompile>
    <ClCompile Include="..\src\renderer.cpp">
      <Filter>Source\Core.Graphics</Filter>
    </ClCompile>
    <ClCompile Include="..\src\sprite_renderer.cpp">
      <Filter>Source\Core.Graphics</Filter>
    </ClCompile>
    <ClCompile Include="..\src\post_effect.cpp">
      <Filter>Source\Core.Graphics.Effects</Filter>
    </ClCompile>
    <ClCompile Include="..\src\sprite_render_system.cpp">
      <Filter>Source\Game.Entity.System</Filter>
    </ClCompile>
    <ClCompile Include="..\src\orthographic_camera.cpp">
      <Filter>Source\Core.Graphics.Camera</Filter>
    </ClCompile>
    <ClCompile Include="..\src\controller_system.cpp">
      <Filter>Source\Game.Entity.System</Filter>
    </ClCompile>
    <ClCompile Include="..\src\font_renderer.cpp">
      <Filter>Source\Core.Graphics</Filter>
    </ClCompile>
    <ClCompile Include="..\src\text_render_system.cpp">
      <Filter>Source\Game.Entity.System</Filter>
    </ClCompile>
    <ClCompile Include="..\src\map_parser.cpp">
      <Filter>Source\Game</Filter>
    </ClCompile>
    <ClCompile Include="..\src\map_view.cpp">
      <Filter>Source\Game</Filter>
    </ClCompile>
    <ClCompile Include="..\src\audio_source.cpp">
      <Filter>Source\Core.Audio</Filter>
    </ClCompile>
    <ClCompile Include="..\src\abstract_gui_element.cpp">
      <Filter>Source\Core.Graphics.Gui</Filter>
    </ClCompile>
    <ClCompile Include="..\src\gui_tree.cpp">
      <Filter>Source\Core.Graphics.Gui</Filter>
    </ClCompile>
    <ClCompile Include="..\src\gui_container.cpp">
      <Filter>Source\Core.Graphics.Gui</Filter>
    </ClCompile>
    <ClCompile Include="..\src\blend_mode.cpp">
      <Filter>Source\Core.Resource</Filter>
    </ClCompile>
    <ClCompile Include="..\src\font.cpp">
      <Filter>Source\Core.Resource</Filter>
    </ClCompile>
    <ClCompile Include="..\src\frame_buffer.cpp">
      <Filter>Source\Core.Resource</Filter>
    </ClCompile>
    <ClCompile Include="..\src\sampler.cpp">
      <Filter>Source\Core.Resource</Filter>
    </ClCompile>
    <ClCompile Include="..\src\shader.cpp">
      <Filter>Source\Core.Resource</Filter>
    </ClCompile>
    <ClCompile Include="..\src\sound.cpp">
      <Filter>Source\Core.Resource</Filter>
    </ClCompile>
    <ClCompile Include="..\src\texture.cpp">
      <Filter>Source\Core.Resource</Filter>
    </ClCompile>
    <ClCompile Include="..\src\audio_core_system.cpp">
      <Filter>Source\Core.System</Filter>
    </ClCompile>
    <ClCompile Include="..\src\graphics_core_system.cpp">
      <Filter>Source\Core.System</Filter>
    </ClCompile>
    <ClCompile Include="..\src\input_core_system.cpp">
      <Filter>Source\Core.System</Filter>
    </ClCompile>
    <ClCompile Include="..\src\gui_core_system.cpp">
      <Filter>Source\Core.System</Filter>
    </ClCompile>
    <ClCompile Include="..\src\resource_core_system.cpp">
      <Filter>Source\Core.System</Filter>
    </ClCompile>
    <ClCompile Include="..\src\config.cpp">
      <Filter>Source\Core.Util</Filter>
    </ClCompile>
    <ClCompile Include="..\src\text.cpp">
      <Filter>Source\Core.Resource</Filter>
    </ClCompile>
    <ClCompile Include="..\src\render_quad.cpp">
      <Filter>Source\Core.Graphics</Filter>
    </ClCompile>
    <ClCompile Include="..\src\entity_core_system.cpp">
      <Filter>Source\Core.System</Filter>
    </ClCompile>
    <ClCompile Include="..\src\application_manager.cpp">
      <Filter>Source\Core</Filter>
    </ClCompile>
    <ClCompile Include="..\src\sample_game_application.cpp">
      <Filter>Source\Game</Filter>
    </ClCompile>
    <ClCompile Include="..\src\gui_renderer.cpp">
      <Filter>Source\Core.Graphics</Filter>
    </ClCompile>
    <ClCompile Include="..\src\gui_panel.cpp">
      <Filter>Source\Core.Graphics.Gui</Filter>
    </ClCompile>
  </ItemGroup>
  <ItemGroup>
    <ClInclude Include="..\src\post_processing.h">
      <Filter>Source\Core.Graphics</Filter>
    </ClInclude>
    <ClInclude Include="..\src\renderer.h">
      <Filter>Source\Core.Graphics</Filter>
    </ClInclude>
    <ClInclude Include="..\src\abstract_camera.h">
      <Filter>Source\Core.Graphics.Camera</Filter>
    </ClInclude>
    <ClInclude Include="..\src\component.h">
      <Filter>Source\Core.Entity</Filter>
    </ClInclude>
    <ClInclude Include="..\src\abstract_system.h">
      <Filter>Source\Core.Entity</Filter>
    </ClInclude>
    <ClInclude Include="..\src\system.h">
      <Filter>Source\Core.Entity</Filter>
    </ClInclude>
    <ClInclude Include="..\src\entity_types.h">
      <Filter>Source\Core.Entity</Filter>
    </ClInclude>
    <ClInclude Include="..\src\sprite_renderer.h">
      <Filter>Source\Core.Graphics</Filter>
    </ClInclude>
    <ClInclude Include="..\src\post_effect.h">
      <Filter>Source\Core.Graphics.Effects</Filter>
    </ClInclude>
    <ClInclude Include="..\src\sprite_render_system.h">
      <Filter>Source\Game.Entity.System</Filter>
    </ClInclude>
    <ClInclude Include="..\src\sprite_component.h">
      <Filter>Source\Game.Entity.Component</Filter>
    </ClInclude>
    <ClInclude Include="..\src\orthographic_camera.h">
      <Filter>Source\Core.Graphics.Camera</Filter>
    </ClInclude>
    <ClInclude Include="..\src\controller_component.h">
      <Filter>Source\Game.Entity.Component</Filter>
    </ClInclude>
    <ClInclude Include="..\src\controller_system.h">
      <Filter>Source\Game.Entity.System</Filter>
    </ClInclude>
    <ClInclude Include="..\src\sprite_animation_component.h">
      <Filter>Source\Game.Entity.Component</Filter>
    </ClInclude>
    <ClInclude Include="..\src\text_component.h">
      <Filter>Source\Game.Entity.Component</Filter>
    </ClInclude>
    <ClInclude Include="..\src\text_render_system.h">
      <Filter>Source\Game.Entity.System</Filter>
    </ClInclude>
    <ClInclude Include="..\src\map_view.h">
      <Filter>Source\Game</Filter>
    </ClInclude>
    <ClInclude Include="..\src\map_parser.h">
      <Filter>Source\Game</Filter>
    </ClInclude>
    <ClInclude Include="..\src\map_data.h">
      <Filter>Source\Game</Filter>
    </ClInclude>
    <ClInclude Include="..\src\font_renderer.h">
      <Filter>Source\Core.Graphics</Filter>
    </ClInclude>
    <ClInclude Include="..\src\abstract_gui_element.h">
      <Filter>Source\Core.Graphics.Gui</Filter>
    </ClInclude>
    <ClInclude Include="..\src\audio_source.h">
      <Filter>Source\Core.Audio</Filter>
    </ClInclude>
    <ClInclude Include="..\src\gui_tree.h">
      <Filter>Source\Core.Graphics.Gui</Filter>
    </ClInclude>
    <ClInclude Include="..\src\gui_container.h">
      <Filter>Source\Core.Graphics.Gui</Filter>
    </ClInclude>
    <ClInclude Include="..\src\event.h">
      <Filter>Source\Core.Util</Filter>
    </ClInclude>
    <ClInclude Include="..\src\timing.h">
      <Filter>Source\Core.Util</Filter>
    </ClInclude>
    <ClInclude Include="..\src\texture.h">
      <Filter>Source\Core.Resource</Filter>
    </ClInclude>
    <ClInclude Include="..\src\blend_mode.h">
      <Filter>Source\Core.Resource</Filter>
    </ClInclude>
    <ClInclude Include="..\src\font.h">
      <Filter>Source\Core.Resource</Filter>
    </ClInclude>
    <ClInclude Include="..\src\frame_buffer.h">
      <Filter>Source\Core.Resource</Filter>
    </ClInclude>
    <ClInclude Include="..\src\sampler.h">
      <Filter>Source\Core.Resource</Filter>
    </ClInclude>
    <ClInclude Include="..\src\shader.h">
      <Filter>Source\Core.Resource</Filter>
    </ClInclude>
    <ClInclude Include="..\src\sound.h">
      <Filter>Source\Core.Resource</Filter>
    </ClInclude>
    <ClInclude Include="..\src\abstract_core_system.h">
      <Filter>Source\Core.System</Filter>
    </ClInclude>
    <ClInclude Include="..\src\audio_core_system.h">
      <Filter>Source\Core.System</Filter>
    </ClInclude>
    <ClInclude Include="..\src\graphics_core_system.h">
      <Filter>Source\Core.System</Filter>
    </ClInclude>
    <ClInclude Include="..\src\input_core_system.h">
      <Filter>Source\Core.System</Filter>
    </ClInclude>
    <ClInclude Include="..\src\gui_core_system.h">
      <Filter>Source\Core.System</Filter>
    </ClInclude>
    <ClInclude Include="..\src\resource_core_system.h">
      <Filter>Source\Core.System</Filter>
    </ClInclude>
    <ClInclude Include="..\src\config.h">
      <Filter>Source\Core.Util</Filter>
    </ClInclude>
    <ClInclude Include="..\src\disposable.h">
      <Filter>Source\Core</Filter>
    </ClInclude>
    <ClInclude Include="..\src\logger.h">
      <Filter>Source\Core.Debug</Filter>
    </ClInclude>
    <ClInclude Include="..\src\text.h">
      <Filter>Source\Core.Resource</Filter>
    </ClInclude>
    <ClInclude Include="..\src\render_quad.h">
      <Filter>Source\Core.Graphics</Filter>
    </ClInclude>
    <ClInclude Include="..\src\entity_core_system.h">
      <Filter>Source\Core.System</Filter>
    </ClInclude>
    <ClInclude Include="..\src\application_manager.h">
      <Filter>Source\Core</Filter>
    </ClInclude>
    <ClInclude Include="..\src\application.h">
      <Filter>Source\Core</Filter>
    </ClInclude>
    <ClInclude Include="..\src\application_types.h">
      <Filter>Source\Core</Filter>
    </ClInclude>
    <ClInclude Include="..\src\sample_game_application.h">
      <Filter>Source\Game</Filter>
    </ClInclude>
    <ClInclude Include="..\src\application_system_server.h">
      <Filter>Source\Core</Filter>
    </ClInclude>
    <ClInclude Include="..\src\data_bus.h">
      <Filter>Source\Core.Graphics.Data</Filter>
    </ClInclude>
    <ClInclude Include="..\src\sprite_data_message_queue.h">
      <Filter>Source\Core.Graphics.Data</Filter>
    </ClInclude>
    <ClInclude Include="..\src\abstract_data_message_queue.h">
      <Filter>Source\Core.Graphics.Data</Filter>
    </ClInclude>
    <ClInclude Include="..\src\text_data_message_queue.h">
      <Filter>Source\Core.Graphics.Data</Filter>
    </ClInclude>
    <ClInclude Include="..\src\gui_renderer.h">
      <Filter>Source\Core.Graphics</Filter>
    </ClInclude>
    <ClInclude Include="..\src\gui_data_message_queue.h">
      <Filter>Source\Core.Graphics.Data</Filter>
    </ClInclude>
    <ClInclude Include="..\src\gui_panel.h">
      <Filter>Source\Core.Graphics.Gui</Filter>
    </ClInclude>
    <ClInclude Include="..\src\gui_element_types.h">
      <Filter>Source\Core.Graphics.Gui</Filter>
    </ClInclude>
  </ItemGroup>
  <ItemGroup>
    <Filter Include="Source">
      <UniqueIdentifier>{4c5b273e-b907-4e3a-ae00-b2b4fbdf1ce5}</UniqueIdentifier>
    </Filter>
    <Filter Include="Source\Game">
      <UniqueIdentifier>{f1157bd4-5711-4098-9f9f-66e0021a15f9}</UniqueIdentifier>
    </Filter>
    <Filter Include="Source\Core">
      <UniqueIdentifier>{3fd5afd0-8995-43a1-bcfe-002aa4e2b24a}</UniqueIdentifier>
    </Filter>
    <Filter Include="Source\Core.Util">
      <UniqueIdentifier>{668eb432-f864-4d6d-85d6-40e5e70615fc}</UniqueIdentifier>
    </Filter>
    <Filter Include="Source\Core.Resource">
      <UniqueIdentifier>{d93edc3e-9dd7-45bf-83e9-7ffcddf35559}</UniqueIdentifier>
    </Filter>
    <Filter Include="Source\Core.System">
      <UniqueIdentifier>{7c1a0a79-7c10-450f-bc4b-8c0e3405c7fb}</UniqueIdentifier>
    </Filter>
    <Filter Include="Source\Core.Debug">
      <UniqueIdentifier>{933adc10-b439-460f-88c1-c6d8ff8d9b56}</UniqueIdentifier>
    </Filter>
    <Filter Include="Source\Core.Audio">
      <UniqueIdentifier>{f4eedc32-c649-47a2-864a-153d1c4cab00}</UniqueIdentifier>
    </Filter>
    <Filter Include="Source\Core.Entity">
      <UniqueIdentifier>{991ef1e4-7430-4347-bf50-2d66d6200838}</UniqueIdentifier>
    </Filter>
    <Filter Include="Source\Core.Graphics">
      <UniqueIdentifier>{b02f3524-5cd6-4c4e-a37d-5e89feb964a8}</UniqueIdentifier>
    </Filter>
    <Filter Include="Source\Core.Graphics.Camera">
      <UniqueIdentifier>{9efc4032-0f25-43b0-ab35-812b272626f4}</UniqueIdentifier>
    </Filter>
    <Filter Include="Source\Core.Graphics.Data">
      <UniqueIdentifier>{4ac3510e-e37d-452c-951e-68f0f53de0c9}</UniqueIdentifier>
    </Filter>
    <Filter Include="Source\Core.Graphics.Effects">
      <UniqueIdentifier>{d110f301-960a-4b07-81bf-a20c6ea1971e}</UniqueIdentifier>
    </Filter>
    <Filter Include="Source\Core.Graphics.Gui">
      <UniqueIdentifier>{6acb3dec-15d1-4a17-9ae4-9ffb78466e30}</UniqueIdentifier>
    </Filter>
    <Filter Include="Source\Game.Entity.System">
      <UniqueIdentifier>{bedb95dd-53c1-4c3c-a410-aea4ff0aca6c}</UniqueIdentifier>
    </Filter>
    <Filter Include="Source\Game.Entity.Component">
      <UniqueIdentifier>{f5f254f5-96e6-4ac8-8c90-052eb166d5a0}</UniqueIdentifier>
    </Filter>
  </ItemGroup>
</Project>