<?xml version="1.0" encoding="utf-8"?>
<Project ToolsVersion="4.0" xmlns="http://schemas.microsoft.com/developer/msbuild/2003">
  <ItemGroup>
    <ClCompile Include="..\src\main.cpp" />
    <ClCompile Include="..\src\graphics.cpp">
      <Filter>Source\Graphics</Filter>
    </ClCompile>
    <ClCompile Include="..\src\config.cpp">
      <Filter>Source\Input</Filter>
    </ClCompile>
    <ClCompile Include="..\src\file.cpp">
      <Filter>Source\Input</Filter>
    </ClCompile>
    <ClCompile Include="..\src\post_processing.cpp">
      <Filter>Source\Graphics</Filter>
    </ClCompile>
    <ClCompile Include="..\src\texture.cpp">
      <Filter>Source\Graphics.Resources</Filter>
    </ClCompile>
    <ClCompile Include="..\src\sampler.cpp">
      <Filter>Source\Graphics.Resources</Filter>
    </ClCompile>
    <ClCompile Include="..\src\frame_buffer.cpp">
      <Filter>Source\Graphics.Resources</Filter>
    </ClCompile>
    <ClCompile Include="..\src\blend_mode.cpp">
      <Filter>Source\Graphics.Resources</Filter>
    </ClCompile>
    <ClCompile Include="..\src\shader.cpp">
      <Filter>Source\Graphics.Resources</Filter>
    </ClCompile>
    <ClCompile Include="..\src\renderer.cpp">
      <Filter>Source\Graphics</Filter>
    </ClCompile>
    <ClCompile Include="..\src\keymap.cpp">
      <Filter>Source\Input</Filter>
    </ClCompile>
    <ClCompile Include="..\src\resource_manager.cpp">
      <Filter>Source\Graphics.Resources</Filter>
    </ClCompile>
    <ClCompile Include="..\src\entity_manager.cpp">
      <Filter>Source\Entity</Filter>
    </ClCompile>
    <ClCompile Include="..\src\sprite_renderer.cpp">
      <Filter>Source\Graphics</Filter>
    </ClCompile>
    <ClCompile Include="..\src\post_effect.cpp">
      <Filter>Source\Graphics.Effects</Filter>
    </ClCompile>
    <ClCompile Include="..\src\sprite_render_system.cpp">
      <Filter>Source\Entity.System</Filter>
    </ClCompile>
    <ClCompile Include="..\src\orthographic_camera.cpp">
      <Filter>Source\Graphics.Camera</Filter>
    </ClCompile>
    <ClCompile Include="..\src\controller_system.cpp">
      <Filter>Source\Entity.System</Filter>
    </ClCompile>
    <ClCompile Include="..\src\font.cpp">
      <Filter>Source\Graphics.Resources</Filter>
    </ClCompile>
    <ClCompile Include="..\src\font_renderer.cpp">
      <Filter>Source\Graphics</Filter>
    </ClCompile>
    <ClCompile Include="..\src\text_render_system.cpp">
      <Filter>Source\Entity.System</Filter>
    </ClCompile>
    <ClCompile Include="..\src\map_parser.cpp">
      <Filter>Source\Game</Filter>
    </ClCompile>
    <ClCompile Include="..\src\map_view.cpp">
      <Filter>Source\Game</Filter>
    </ClCompile>
    <ClCompile Include="..\src\gui_manager.cpp">
      <Filter>Source\Graphics.Gui</Filter>
    </ClCompile>
    <ClCompile Include="..\src\audio.cpp">
      <Filter>Source\Audio</Filter>
    </ClCompile>
    <ClCompile Include="..\src\sound.cpp">
      <Filter>Source\Graphics.Resources</Filter>
    </ClCompile>
  </ItemGroup>
  <ItemGroup>
    <ClInclude Include="..\src\graphics.h">
      <Filter>Source\Graphics</Filter>
    </ClInclude>
    <ClInclude Include="..\src\logger.h">
      <Filter>Source\Debug</Filter>
    </ClInclude>
    <ClInclude Include="..\src\timing.h">
      <Filter>Source\Util</Filter>
    </ClInclude>
    <ClInclude Include="..\src\disposable.h">
      <Filter>Source\Base</Filter>
    </ClInclude>
    <ClInclude Include="..\src\config.h">
      <Filter>Source\Input</Filter>
    </ClInclude>
    <ClInclude Include="..\src\file.h">
      <Filter>Source\Input</Filter>
    </ClInclude>
    <ClInclude Include="..\src\post_processing.h">
      <Filter>Source\Graphics</Filter>
    </ClInclude>
    <ClInclude Include="..\src\texture.h">
      <Filter>Source\Graphics.Resources</Filter>
    </ClInclude>
    <ClInclude Include="..\src\sampler.h">
      <Filter>Source\Graphics.Resources</Filter>
    </ClInclude>
    <ClInclude Include="..\src\frame_buffer.h">
      <Filter>Source\Graphics.Resources</Filter>
    </ClInclude>
    <ClInclude Include="..\src\shader.h">
      <Filter>Source\Graphics.Resources</Filter>
    </ClInclude>
    <ClInclude Include="..\src\renderer.h">
      <Filter>Source\Graphics</Filter>
    </ClInclude>
    <ClInclude Include="..\src\blend_mode.h">
      <Filter>Source\Graphics.Resources</Filter>
    </ClInclude>
    <ClInclude Include="..\src\keymap.h">
      <Filter>Source\Input</Filter>
    </ClInclude>
    <ClInclude Include="..\src\abstract_camera.h">
      <Filter>Source\Graphics.Camera</Filter>
    </ClInclude>
    <ClInclude Include="..\src\resource_manager.h">
      <Filter>Source\Graphics.Resources</Filter>
    </ClInclude>
    <ClInclude Include="..\src\data_pipe_hub.h">
      <Filter>Source\Graphics.Data</Filter>
    </ClInclude>
    <ClInclude Include="..\src\component.h">
      <Filter>Source\Entity</Filter>
    </ClInclude>
    <ClInclude Include="..\src\abstract_system.h">
      <Filter>Source\Entity</Filter>
    </ClInclude>
    <ClInclude Include="..\src\system.h">
      <Filter>Source\Entity</Filter>
    </ClInclude>
    <ClInclude Include="..\src\entity_manager.h">
      <Filter>Source\Entity</Filter>
    </ClInclude>
    <ClInclude Include="..\src\entity_types.h">
      <Filter>Source\Entity</Filter>
    </ClInclude>
    <ClInclude Include="..\src\fullscreen_quad.h">
      <Filter>Source\Graphics</Filter>
    </ClInclude>
    <ClInclude Include="..\src\sprite_renderer.h">
      <Filter>Source\Graphics</Filter>
    </ClInclude>
    <ClInclude Include="..\src\sprite_data_pipe.h">
      <Filter>Source\Graphics.Data</Filter>
    </ClInclude>
    <ClInclude Include="..\src\post_effect.h">
      <Filter>Source\Graphics.Effects</Filter>
    </ClInclude>
    <ClInclude Include="..\src\sprite_render_system.h">
      <Filter>Source\Entity.System</Filter>
    </ClInclude>
    <ClInclude Include="..\src\sprite_component.h">
      <Filter>Source\Entity.Component</Filter>
    </ClInclude>
    <ClInclude Include="..\src\orthographic_camera.h">
      <Filter>Source\Graphics.Camera</Filter>
    </ClInclude>
    <ClInclude Include="..\src\controller_component.h">
      <Filter>Source\Entity.Component</Filter>
    </ClInclude>
    <ClInclude Include="..\src\controller_system.h">
      <Filter>Source\Entity.System</Filter>
    </ClInclude>
    <ClInclude Include="..\src\sprite_animation_component.h">
      <Filter>Source\Entity.Component</Filter>
    </ClInclude>
    <ClInclude Include="..\src\font.h">
      <Filter>Source\Graphics.Resources</Filter>
    </ClInclude>
    <ClInclude Include="..\src\text_data_pipe.h">
      <Filter>Source\Graphics.Data</Filter>
    </ClInclude>
    <ClInclude Include="..\src\text_component.h">
      <Filter>Source\Entity.Component</Filter>
    </ClInclude>
    <ClInclude Include="..\src\text_render_system.h">
      <Filter>Source\Entity.System</Filter>
    </ClInclude>
    <ClInclude Include="..\src\map_view.h">
      <Filter>Source\Game</Filter>
    </ClInclude>
    <ClInclude Include="..\src\map_parser.h">
      <Filter>Source\Game</Filter>
    </ClInclude>
    <ClInclude Include="..\src\map_data.h">
      <Filter>Source\Game</Filter>
    </ClInclude>
    <ClInclude Include="..\src\font_renderer.h">
      <Filter>Source\Graphics</Filter>
    </ClInclude>
    <ClInclude Include="..\src\event.h">
      <Filter>Source\Util</Filter>
    </ClInclude>
    <ClInclude Include="..\src\event_test.h">
      <Filter>Source\Util</Filter>
    </ClInclude>
    <ClInclude Include="..\src\abstract_gui_element.h">
      <Filter>Source\Graphics.Gui</Filter>
    </ClInclude>
    <ClInclude Include="..\src\gui_manager.h">
      <Filter>Source\Graphics.Gui</Filter>
    </ClInclude>
    <ClInclude Include="..\src\audio.h">
      <Filter>Source\Audio</Filter>
    </ClInclude>
    <ClInclude Include="..\src\sound.h">
      <Filter>Source\Graphics.Resources</Filter>
    </ClInclude>
  </ItemGroup>
  <ItemGroup>
    <Filter Include="Source">
      <UniqueIdentifier>{4c5b273e-b907-4e3a-ae00-b2b4fbdf1ce5}</UniqueIdentifier>
    </Filter>
    <Filter Include="Source\Graphics">
      <UniqueIdentifier>{b02f3524-5cd6-4c4e-a37d-5e89feb964a8}</UniqueIdentifier>
    </Filter>
    <Filter Include="Source\Debug">
      <UniqueIdentifier>{f8eb5e70-9dee-40d7-abb4-06a676a546b6}</UniqueIdentifier>
    </Filter>
    <Filter Include="Source\Util">
      <UniqueIdentifier>{1f25a6cb-0f35-4a9e-94c1-bba352bdc86d}</UniqueIdentifier>
    </Filter>
    <Filter Include="Source\Base">
      <UniqueIdentifier>{4d25895c-3069-4c3e-bf0a-ad2a52ff45d4}</UniqueIdentifier>
    </Filter>
    <Filter Include="Source\Input">
      <UniqueIdentifier>{b385a5bc-9f10-4f1c-919b-04931e0fc178}</UniqueIdentifier>
    </Filter>
    <Filter Include="Source\Graphics.Resources">
      <UniqueIdentifier>{48c1fa58-7e47-491f-9e9f-c121c5fb1096}</UniqueIdentifier>
    </Filter>
    <Filter Include="Source\Graphics.Camera">
      <UniqueIdentifier>{9efc4032-0f25-43b0-ab35-812b272626f4}</UniqueIdentifier>
    </Filter>
    <Filter Include="Source\Graphics.Data">
      <UniqueIdentifier>{4ac3510e-e37d-452c-951e-68f0f53de0c9}</UniqueIdentifier>
    </Filter>
    <Filter Include="Source\Entity">
      <UniqueIdentifier>{991ef1e4-7430-4347-bf50-2d66d6200838}</UniqueIdentifier>
    </Filter>
    <Filter Include="Source\Entity.Component">
      <UniqueIdentifier>{f5f254f5-96e6-4ac8-8c90-052eb166d5a0}</UniqueIdentifier>
    </Filter>
    <Filter Include="Source\Entity.System">
      <UniqueIdentifier>{bedb95dd-53c1-4c3c-a410-aea4ff0aca6c}</UniqueIdentifier>
    </Filter>
    <Filter Include="Source\Script">
      <UniqueIdentifier>{07cf40cc-acd5-496d-98c4-6a5bdff6eba4}</UniqueIdentifier>
    </Filter>
    <Filter Include="Source\Graphics.Effects">
      <UniqueIdentifier>{d110f301-960a-4b07-81bf-a20c6ea1971e}</UniqueIdentifier>
    </Filter>
    <Filter Include="Source\Audio">
      <UniqueIdentifier>{f4eedc32-c649-47a2-864a-153d1c4cab00}</UniqueIdentifier>
    </Filter>
    <Filter Include="Source\Game">
      <UniqueIdentifier>{f1157bd4-5711-4098-9f9f-66e0021a15f9}</UniqueIdentifier>
    </Filter>
    <Filter Include="Source\Graphics.Gui">
      <UniqueIdentifier>{6acb3dec-15d1-4a17-9ae4-9ffb78466e30}</UniqueIdentifier>
    </Filter>
  </ItemGroup>
</Project>